{
  "object": {
    "pins": [
      {
        "package": "gir2swift",
        "repositoryURL": "https://github.com/mikolasstuchlik/gir2swift.git",
        "state": {
          "branch": "master",
          "revision": "8017b33a35c4df046f359cb2c4ea6be1a4ddc459",
          "version": null
        }
      },
      {
        "package": "Atk",
        "repositoryURL": "https://github.com/mikolasstuchlik/SwiftAtk.git",
        "state": {
          "branch": "master",
          "revision": "bade23382be9096c9e067eb74225d82871ceac0b",
          "version": null
        }
      },
      {
        "package": "Cairo",
        "repositoryURL": "https://github.com/mikolasstuchlik/SwiftCairo.git",
        "state": {
          "branch": "master",
          "revision": "8f6916a90f893b66a5deb97f528649ddfaa6cc0d",
          "version": null
        }
      },
      {
        "package": "Gdk",
        "repositoryURL": "https://github.com/mikolasstuchlik/SwiftGdk.git",
        "state": {
          "branch": "master",
          "revision": "1def8a60dda5707eddc63fc381ba69678a10dad7",
          "version": null
        }
      },
      {
        "package": "GdkPixbuf",
        "repositoryURL": "https://github.com/mikolasstuchlik/SwiftGdkPixbuf.git",
        "state": {
          "branch": "master",
          "revision": "d3b5b2b4414b11b9334eadce85997bf43daed3a1",
          "version": null
        }
      },
      {
        "package": "GIO",
        "repositoryURL": "https://github.com/mikolasstuchlik/SwiftGIO.git",
        "state": {
          "branch": "master",
          "revision": "545830df62b2ca41141bcf25524b2f5a23daa04e",
          "version": null
        }
      },
      {
        "package": "GLib",
        "repositoryURL": "https://github.com/mikolasstuchlik/SwiftGLib.git",
        "state": {
          "branch": "master",
          "revision": "355049d524b8d2d57eb1403fd60105bc9d31c003",
          "version": null
        }
      },
      {
        "package": "GModule",
        "repositoryURL": "https://github.com/mikolasstuchlik/SwiftGModule.git",
        "state": {
          "branch": "master",
          "revision": "29484b59e3585bb1f5df0207627fa21628ac093a",
          "version": null
        }
      },
      {
        "package": "GLibObject",
        "repositoryURL": "https://github.com/mikolasstuchlik/SwiftGObject.git",
        "state": {
          "branch": "master",
          "revision": "7bad64062a74e6dc104a4b9355a4122eca750c13",
          "version": null
        }
      },
      {
        "package": "Gtk",
        "repositoryURL": "https://github.com/mikolasstuchlik/SwiftGtk.git",
        "state": {
          "branch": "master",
          "revision": "0e97fc02dd749cc7fab9e6103035feda07a32d56",
          "version": null
        }
      },
      {
        "package": "SwiftLibXML",
        "repositoryURL": "https://github.com/rhx/SwiftLibXML.git",
        "state": {
          "branch": "master",
          "revision": "dc6aee8a8344c443b3679a07fe3e7069bbba08b7",
          "version": null
        }
      },
      {
        "package": "Pango",
        "repositoryURL": "https://github.com/mikolasstuchlik/SwiftPango.git",
        "state": {
          "branch": "master",
          "revision": "102483de3e017a5f08e1458c7d5451f05d413b13",
          "version": null
        }
      },
      {
        "package": "PangoCairo",
        "repositoryURL": "https://github.com/mikolasstuchlik/SwiftPangoCairo.git",
        "state": {
          "branch": "master",
          "revision": "e937bccece4215e6f63919526ec6bd6e11b94a32",
          "version": null
        }
      }
    ]
  },
  "version": 1
}
